{
  "name": "trellotoreveal",
  "version": "1.0.0",
  "lockfileVersion": 2,
  "requires": true,
  "packages": {
    "": {
      "name": "trellotoreveal",
      "version": "1.0.0",
      "license": "MIT",
      "dependencies": {
        "dotenv": "^8.2.0",
        "node-fetch": "^2.6.1",
        "reveal.js": "^4.1.0"
      }
    },
    "node_modules/dotenv": {
      "version": "8.2.0",
      "resolved": "https://registry.npmjs.org/dotenv/-/dotenv-8.2.0.tgz",
      "integrity": "sha512-8sJ78ElpbDJBHNeBzUbUVLsqKdccaa/BXF1uPTw3GrvQTBgrQrtObr2mUrE38vzYd8cEv+m/JBfDLioYcfXoaw==",
      "engines": {
        "node": ">=8"
      }
    },
    "node_modules/node-fetch": {
      "version": "2.6.1",
      "resolved": "https://registry.npmjs.org/node-fetch/-/node-fetch-2.6.1.tgz",
      "integrity": "sha512-V4aYg89jEoVRxRb2fJdAg8FHvI7cEyYdVAh94HH0UIK8oJxUfkjlDQN9RbMx+bEjP7+ggMiFRprSti032Oipxw==",
      "engines": {
        "node": "4.x || >=6.0.0"
      }
    },
    "node_modules/reveal.js": {
      "version": "4.1.0",
      "resolved": "https://registry.npmjs.org/reveal.js/-/reveal.js-4.1.0.tgz",
      "integrity": "sha512-lYOMhxSWgq5jtgspF7eRL0d2rBnHO/VGZ4/qp46yu+eGoWqJkYHEuepEXzx71M8MI6Rf8HBYWaTnKi5uHWcU1Q==",
      "engines": {
        "node": ">=10.0.0"
      }
    }
  },
  "dependencies": {
    "dotenv": {
      "version": "8.2.0",
      "resolved": "https://registry.npmjs.org/dotenv/-/dotenv-8.2.0.tgz",
      "integrity": "sha512-8sJ78ElpbDJBHNeBzUbUVLsqKdccaa/BXF1uPTw3GrvQTBgrQrtObr2mUrE38vzYd8cEv+m/JBfDLioYcfXoaw=="
    },
    "node-fetch": {
      "version": "2.6.1",
      "resolved": "https://registry.npmjs.org/node-fetch/-/node-fetch-2.6.1.tgz",
      "integrity": "sha512-V4aYg89jEoVRxRb2fJdAg8FHvI7cEyYdVAh94HH0UIK8oJxUfkjlDQN9RbMx+bEjP7+ggMiFRprSti032Oipxw=="
    },
    "reveal.js": {
      "version": "4.1.0",
      "resolved": "https://registry.npmjs.org/reveal.js/-/reveal.js-4.1.0.tgz",
      "integrity": "sha512-lYOMhxSWgq5jtgspF7eRL0d2rBnHO/VGZ4/qp46yu+eGoWqJkYHEuepEXzx71M8MI6Rf8HBYWaTnKi5uHWcU1Q=="
    }
  }
}
